// !$*UTF8*$!
{
	archiveVersion = 1;
	classes = {
	};
	objectVersion = 46;
	objects = {

/* Begin PBXBuildFile section */
		5B37FBD91FF44266A51E20CB /* libPods-Climate.a in Frameworks */ = {isa = PBXBuildFile; fileRef = E503AE8B6FBA42E79B4073F1 /* libPods-Climate.a */; };
		CA32F809197A087C00B8CAD6 /* DataCell.swift in Sources */ = {isa = PBXBuildFile; fileRef = CA32F808197A087C00B8CAD6 /* DataCell.swift */; };
		CA591AB41979E44B002555AF /* AppDelegate.swift in Sources */ = {isa = PBXBuildFile; fileRef = CA591AB31979E44B002555AF /* AppDelegate.swift */; };
		CA591AB61979E44B002555AF /* DataViewController.swift in Sources */ = {isa = PBXBuildFile; fileRef = CA591AB51979E44B002555AF /* DataViewController.swift */; };
		CA591AB91979E44B002555AF /* Main.storyboard in Resources */ = {isa = PBXBuildFile; fileRef = CA591AB71979E44B002555AF /* Main.storyboard */; };
		CA591ABB1979E44B002555AF /* Images.xcassets in Resources */ = {isa = PBXBuildFile; fileRef = CA591ABA1979E44B002555AF /* Images.xcassets */; };
		CA591AC71979E44B002555AF /* ClimateTests.swift in Sources */ = {isa = PBXBuildFile; fileRef = CA591AC61979E44B002555AF /* ClimateTests.swift */; };
		CA591AEE1979E98E002555AF /* XivelyAPI.m in Sources */ = {isa = PBXBuildFile; fileRef = CA591AD61979E98E002555AF /* XivelyAPI.m */; };
		CA591AEF1979E98E002555AF /* XivelyDatapointCollection.m in Sources */ = {isa = PBXBuildFile; fileRef = CA591AD81979E98E002555AF /* XivelyDatapointCollection.m */; };
		CA591AF01979E98E002555AF /* XivelyDatapointModel.m in Sources */ = {isa = PBXBuildFile; fileRef = CA591ADB1979E98E002555AF /* XivelyDatapointModel.m */; };
		CA591AF11979E98E002555AF /* XivelyDatastreamCollection.m in Sources */ = {isa = PBXBuildFile; fileRef = CA591ADD1979E98E002555AF /* XivelyDatastreamCollection.m */; };
		CA591AF21979E98E002555AF /* XivelyDatastreamModel.m in Sources */ = {isa = PBXBuildFile; fileRef = CA591ADF1979E98E002555AF /* XivelyDatastreamModel.m */; };
		CA591AF31979E98E002555AF /* XivelyFeedCollection.m in Sources */ = {isa = PBXBuildFile; fileRef = CA591AE11979E98E002555AF /* XivelyFeedCollection.m */; };
		CA591AF41979E98E002555AF /* XivelyFeedModel.m in Sources */ = {isa = PBXBuildFile; fileRef = CA591AE41979E98E002555AF /* XivelyFeedModel.m */; };
		CA591AF51979E98E002555AF /* XivelyModel.m in Sources */ = {isa = PBXBuildFile; fileRef = CA591AE61979E98E002555AF /* XivelyModel.m */; };
		CA591AF61979E98E002555AF /* XivelyRequestable.m in Sources */ = {isa = PBXBuildFile; fileRef = CA591AE91979E98E002555AF /* XivelyRequestable.m */; };
		CA591AF71979E98E002555AF /* XivelySubscribable.m in Sources */ = {isa = PBXBuildFile; fileRef = CA591AEB1979E98E002555AF /* XivelySubscribable.m */; };
		CA8742E91979F603001DDAB2 /* libicucore.dylib in Frameworks */ = {isa = PBXBuildFile; fileRef = CA8742E81979F603001DDAB2 /* libicucore.dylib */; };
		CA9D412A197A1966002932EE /* SettingsViewController.swift in Sources */ = {isa = PBXBuildFile; fileRef = CA9D4129197A1966002932EE /* SettingsViewController.swift */; };
/* End PBXBuildFile section */

/* Begin PBXContainerItemProxy section */
		CA591AC11979E44B002555AF /* PBXContainerItemProxy */ = {
			isa = PBXContainerItemProxy;
			containerPortal = CA591AA61979E44B002555AF /* Project object */;
			proxyType = 1;
			remoteGlobalIDString = CA591AAD1979E44B002555AF;
			remoteInfo = Climate;
		};
/* End PBXContainerItemProxy section */

/* Begin PBXCopyFilesBuildPhase section */
		CA591B191979EAA9002555AF /* Embed Frameworks */ = {
			isa = PBXCopyFilesBuildPhase;
			buildActionMask = 2147483647;
			dstPath = "";
			dstSubfolderSpec = 10;
			files = (
			);
			name = "Embed Frameworks";
			runOnlyForDeploymentPostprocessing = 0;
		};
/* End PBXCopyFilesBuildPhase section */

/* Begin PBXFileReference section */
		111B68B3C72CBDF4BA8F7DFC /* Pods-Climate.release.xcconfig */ = {isa = PBXFileReference; includeInIndex = 1; lastKnownFileType = text.xcconfig; name = "Pods-Climate.release.xcconfig"; path = "Pods/Target Support Files/Pods-Climate/Pods-Climate.release.xcconfig"; sourceTree = "<group>"; };
		CA32F808197A087C00B8CAD6 /* DataCell.swift */ = {isa = PBXFileReference; fileEncoding = 4; lastKnownFileType = sourcecode.swift; name = DataCell.swift; path = Cells/DataCell.swift; sourceTree = "<group>"; };
		CA591AAE1979E44B002555AF /* Climate.app */ = {isa = PBXFileReference; explicitFileType = wrapper.application; includeInIndex = 0; path = Climate.app; sourceTree = BUILT_PRODUCTS_DIR; };
		CA591AB21979E44B002555AF /* Info.plist */ = {isa = PBXFileReference; lastKnownFileType = text.plist.xml; path = Info.plist; sourceTree = "<group>"; };
		CA591AB31979E44B002555AF /* AppDelegate.swift */ = {isa = PBXFileReference; lastKnownFileType = sourcecode.swift; path = AppDelegate.swift; sourceTree = "<group>"; };
		CA591AB51979E44B002555AF /* DataViewController.swift */ = {isa = PBXFileReference; lastKnownFileType = sourcecode.swift; path = DataViewController.swift; sourceTree = "<group>"; };
		CA591AB81979E44B002555AF /* Base */ = {isa = PBXFileReference; lastKnownFileType = file.storyboard; name = Base; path = Base.lproj/Main.storyboard; sourceTree = "<group>"; };
		CA591ABA1979E44B002555AF /* Images.xcassets */ = {isa = PBXFileReference; lastKnownFileType = folder.assetcatalog; path = Images.xcassets; sourceTree = "<group>"; };
		CA591AC01979E44B002555AF /* ClimateTests.xctest */ = {isa = PBXFileReference; explicitFileType = wrapper.cfbundle; includeInIndex = 0; path = ClimateTests.xctest; sourceTree = BUILT_PRODUCTS_DIR; };
		CA591AC51979E44B002555AF /* Info.plist */ = {isa = PBXFileReference; lastKnownFileType = text.plist.xml; path = Info.plist; sourceTree = "<group>"; };
		CA591AC61979E44B002555AF /* ClimateTests.swift */ = {isa = PBXFileReference; lastKnownFileType = sourcecode.swift; path = ClimateTests.swift; sourceTree = "<group>"; };
		CA591AD41979E98E002555AF /* Xively.h */ = {isa = PBXFileReference; fileEncoding = 4; lastKnownFileType = sourcecode.c.h; path = Xively.h; sourceTree = "<group>"; };
		CA591AD51979E98E002555AF /* XivelyAPI.h */ = {isa = PBXFileReference; fileEncoding = 4; lastKnownFileType = sourcecode.c.h; path = XivelyAPI.h; sourceTree = "<group>"; };
		CA591AD61979E98E002555AF /* XivelyAPI.m */ = {isa = PBXFileReference; fileEncoding = 4; lastKnownFileType = sourcecode.c.objc; path = XivelyAPI.m; sourceTree = "<group>"; };
		CA591AD71979E98E002555AF /* XivelyDatapointCollection.h */ = {isa = PBXFileReference; fileEncoding = 4; lastKnownFileType = sourcecode.c.h; path = XivelyDatapointCollection.h; sourceTree = "<group>"; };
		CA591AD81979E98E002555AF /* XivelyDatapointCollection.m */ = {isa = PBXFileReference; fileEncoding = 4; lastKnownFileType = sourcecode.c.objc; path = XivelyDatapointCollection.m; sourceTree = "<group>"; };
		CA591AD91979E98E002555AF /* XivelyDatapointCollectionDelegate.h */ = {isa = PBXFileReference; fileEncoding = 4; lastKnownFileType = sourcecode.c.h; path = XivelyDatapointCollectionDelegate.h; sourceTree = "<group>"; };
		CA591ADA1979E98E002555AF /* XivelyDatapointModel.h */ = {isa = PBXFileReference; fileEncoding = 4; lastKnownFileType = sourcecode.c.h; path = XivelyDatapointModel.h; sourceTree = "<group>"; };
		CA591ADB1979E98E002555AF /* XivelyDatapointModel.m */ = {isa = PBXFileReference; fileEncoding = 4; lastKnownFileType = sourcecode.c.objc; path = XivelyDatapointModel.m; sourceTree = "<group>"; };
		CA591ADC1979E98E002555AF /* XivelyDatastreamCollection.h */ = {isa = PBXFileReference; fileEncoding = 4; lastKnownFileType = sourcecode.c.h; path = XivelyDatastreamCollection.h; sourceTree = "<group>"; };
		CA591ADD1979E98E002555AF /* XivelyDatastreamCollection.m */ = {isa = PBXFileReference; fileEncoding = 4; lastKnownFileType = sourcecode.c.objc; path = XivelyDatastreamCollection.m; sourceTree = "<group>"; };
		CA591ADE1979E98E002555AF /* XivelyDatastreamModel.h */ = {isa = PBXFileReference; fileEncoding = 4; lastKnownFileType = sourcecode.c.h; path = XivelyDatastreamModel.h; sourceTree = "<group>"; };
		CA591ADF1979E98E002555AF /* XivelyDatastreamModel.m */ = {isa = PBXFileReference; fileEncoding = 4; lastKnownFileType = sourcecode.c.objc; path = XivelyDatastreamModel.m; sourceTree = "<group>"; };
		CA591AE01979E98E002555AF /* XivelyFeedCollection.h */ = {isa = PBXFileReference; fileEncoding = 4; lastKnownFileType = sourcecode.c.h; path = XivelyFeedCollection.h; sourceTree = "<group>"; };
		CA591AE11979E98E002555AF /* XivelyFeedCollection.m */ = {isa = PBXFileReference; fileEncoding = 4; lastKnownFileType = sourcecode.c.objc; path = XivelyFeedCollection.m; sourceTree = "<group>"; };
		CA591AE21979E98E002555AF /* XivelyFeedCollectionDelegate.h */ = {isa = PBXFileReference; fileEncoding = 4; lastKnownFileType = sourcecode.c.h; path = XivelyFeedCollectionDelegate.h; sourceTree = "<group>"; };
		CA591AE31979E98E002555AF /* XivelyFeedModel.h */ = {isa = PBXFileReference; fileEncoding = 4; lastKnownFileType = sourcecode.c.h; path = XivelyFeedModel.h; sourceTree = "<group>"; };
		CA591AE41979E98E002555AF /* XivelyFeedModel.m */ = {isa = PBXFileReference; fileEncoding = 4; lastKnownFileType = sourcecode.c.objc; path = XivelyFeedModel.m; sourceTree = "<group>"; };
		CA591AE51979E98E002555AF /* XivelyModel.h */ = {isa = PBXFileReference; fileEncoding = 4; lastKnownFileType = sourcecode.c.h; path = XivelyModel.h; sourceTree = "<group>"; };
		CA591AE61979E98E002555AF /* XivelyModel.m */ = {isa = PBXFileReference; fileEncoding = 4; lastKnownFileType = sourcecode.c.objc; path = XivelyModel.m; sourceTree = "<group>"; };
		CA591AE71979E98E002555AF /* XivelyModelDelegate.h */ = {isa = PBXFileReference; fileEncoding = 4; lastKnownFileType = sourcecode.c.h; path = XivelyModelDelegate.h; sourceTree = "<group>"; };
		CA591AE81979E98E002555AF /* XivelyRequestable.h */ = {isa = PBXFileReference; fileEncoding = 4; lastKnownFileType = sourcecode.c.h; path = XivelyRequestable.h; sourceTree = "<group>"; };
		CA591AE91979E98E002555AF /* XivelyRequestable.m */ = {isa = PBXFileReference; fileEncoding = 4; lastKnownFileType = sourcecode.c.objc; path = XivelyRequestable.m; sourceTree = "<group>"; };
		CA591AEA1979E98E002555AF /* XivelySubscribable.h */ = {isa = PBXFileReference; fileEncoding = 4; lastKnownFileType = sourcecode.c.h; path = XivelySubscribable.h; sourceTree = "<group>"; };
		CA591AEB1979E98E002555AF /* XivelySubscribable.m */ = {isa = PBXFileReference; fileEncoding = 4; lastKnownFileType = sourcecode.c.objc; path = XivelySubscribable.m; sourceTree = "<group>"; };
		CA591AEC1979E98E002555AF /* XivelySubscribableDelegate.h */ = {isa = PBXFileReference; fileEncoding = 4; lastKnownFileType = sourcecode.c.h; path = XivelySubscribableDelegate.h; sourceTree = "<group>"; };
		CA591C271979F4E1002555AF /* Climate-Bridging-Header.h */ = {isa = PBXFileReference; lastKnownFileType = sourcecode.c.h; path = "Climate-Bridging-Header.h"; sourceTree = "<group>"; };
		CA8742E81979F603001DDAB2 /* libicucore.dylib */ = {isa = PBXFileReference; lastKnownFileType = "compiled.mach-o.dylib"; name = libicucore.dylib; path = usr/lib/libicucore.dylib; sourceTree = SDKROOT; };
		CA9D4129197A1966002932EE /* SettingsViewController.swift */ = {isa = PBXFileReference; fileEncoding = 4; lastKnownFileType = sourcecode.swift; path = SettingsViewController.swift; sourceTree = "<group>"; };
		E503AE8B6FBA42E79B4073F1 /* libPods-Climate.a */ = {isa = PBXFileReference; explicitFileType = archive.ar; includeInIndex = 0; path = "libPods-Climate.a"; sourceTree = BUILT_PRODUCTS_DIR; };
		E8409E35A9884BACA178594C /* Pods-Climate.debug.xcconfig */ = {isa = PBXFileReference; includeInIndex = 1; lastKnownFileType = text.xcconfig; name = "Pods-Climate.debug.xcconfig"; path = "Pods/Target Support Files/Pods-Climate/Pods-Climate.debug.xcconfig"; sourceTree = "<group>"; };
/* End PBXFileReference section */

/* Begin PBXFrameworksBuildPhase section */
		CA591AAB1979E44B002555AF /* Frameworks */ = {
			isa = PBXFrameworksBuildPhase;
			buildActionMask = 2147483647;
			files = (
				CA8742E91979F603001DDAB2 /* libicucore.dylib in Frameworks */,
				5B37FBD91FF44266A51E20CB /* libPods-Climate.a in Frameworks */,
			);
			runOnlyForDeploymentPostprocessing = 0;
		};
		CA591ABD1979E44B002555AF /* Frameworks */ = {
			isa = PBXFrameworksBuildPhase;
			buildActionMask = 2147483647;
			files = (
			);
			runOnlyForDeploymentPostprocessing = 0;
		};
/* End PBXFrameworksBuildPhase section */

/* Begin PBXGroup section */
		629C1FF3D635C6EF2BA5F461 /* Pods */ = {
			isa = PBXGroup;
			children = (
				E8409E35A9884BACA178594C /* Pods-Climate.debug.xcconfig */,
				111B68B3C72CBDF4BA8F7DFC /* Pods-Climate.release.xcconfig */,
			);
			name = Pods;
			sourceTree = "<group>";
		};
		6DD5723E822E4EE9B4935E5B /* Frameworks */ = {
			isa = PBXGroup;
			children = (
				E503AE8B6FBA42E79B4073F1 /* libPods-Climate.a */,
			);
			name = Frameworks;
			sourceTree = "<group>";
		};
		CA591AA51979E44B002555AF = {
			isa = PBXGroup;
			children = (
				CA591AB01979E44B002555AF /* Climate */,
				CA591AC31979E44B002555AF /* ClimateTests */,
				CA591AAF1979E44B002555AF /* Products */,
				6DD5723E822E4EE9B4935E5B /* Frameworks */,
				629C1FF3D635C6EF2BA5F461 /* Pods */,
			);
			sourceTree = "<group>";
		};
		CA591AAF1979E44B002555AF /* Products */ = {
			isa = PBXGroup;
			children = (
				CA591AAE1979E44B002555AF /* Climate.app */,
				CA591AC01979E44B002555AF /* ClimateTests.xctest */,
			);
			name = Products;
			sourceTree = "<group>";
		};
		CA591AB01979E44B002555AF /* Climate */ = {
			isa = PBXGroup;
			children = (
				CA591AB31979E44B002555AF /* AppDelegate.swift */,
				CA591AB71979E44B002555AF /* Main.storyboard */,
				CA9D4128197A158A002932EE /* View Controllers */,
				CA9D4127197A14C7002932EE /* Cells */,
				CA591ABA1979E44B002555AF /* Images.xcassets */,
				CA591C271979F4E1002555AF /* Climate-Bridging-Header.h */,
				CA591AD11979E98E002555AF /* Libraries */,
				CA591AB11979E44B002555AF /* Supporting Files */,
			);
			path = Climate;
			sourceTree = "<group>";
		};
		CA591AB11979E44B002555AF /* Supporting Files */ = {
			isa = PBXGroup;
			children = (
				CA591AB21979E44B002555AF /* Info.plist */,
			);
			name = "Supporting Files";
			sourceTree = "<group>";
		};
		CA591AC31979E44B002555AF /* ClimateTests */ = {
			isa = PBXGroup;
			children = (
				CA591AC61979E44B002555AF /* ClimateTests.swift */,
				CA591AC41979E44B002555AF /* Supporting Files */,
			);
			path = ClimateTests;
			sourceTree = "<group>";
		};
		CA591AC41979E44B002555AF /* Supporting Files */ = {
			isa = PBXGroup;
			children = (
				CA591AC51979E44B002555AF /* Info.plist */,
			);
			name = "Supporting Files";
			sourceTree = "<group>";
		};
		CA591AD11979E98E002555AF /* Libraries */ = {
			isa = PBXGroup;
			children = (
				CA8742E81979F603001DDAB2 /* libicucore.dylib */,
				CA591AFE1979EAA9002555AF /* Xively */,
			);
			path = Libraries;
			sourceTree = "<group>";
		};
		CA591AFE1979EAA9002555AF /* Xively */ = {
			isa = PBXGroup;
			children = (
				CA591AD41979E98E002555AF /* Xively.h */,
				CA591AD51979E98E002555AF /* XivelyAPI.h */,
				CA591AD61979E98E002555AF /* XivelyAPI.m */,
				CA591AD71979E98E002555AF /* XivelyDatapointCollection.h */,
				CA591AD81979E98E002555AF /* XivelyDatapointCollection.m */,
				CA591AD91979E98E002555AF /* XivelyDatapointCollectionDelegate.h */,
				CA591ADA1979E98E002555AF /* XivelyDatapointModel.h */,
				CA591ADB1979E98E002555AF /* XivelyDatapointModel.m */,
				CA591ADC1979E98E002555AF /* XivelyDatastreamCollection.h */,
				CA591ADD1979E98E002555AF /* XivelyDatastreamCollection.m */,
				CA591ADE1979E98E002555AF /* XivelyDatastreamModel.h */,
				CA591ADF1979E98E002555AF /* XivelyDatastreamModel.m */,
				CA591AE01979E98E002555AF /* XivelyFeedCollection.h */,
				CA591AE11979E98E002555AF /* XivelyFeedCollection.m */,
				CA591AE21979E98E002555AF /* XivelyFeedCollectionDelegate.h */,
				CA591AE31979E98E002555AF /* XivelyFeedModel.h */,
				CA591AE41979E98E002555AF /* XivelyFeedModel.m */,
				CA591AE51979E98E002555AF /* XivelyModel.h */,
				CA591AE61979E98E002555AF /* XivelyModel.m */,
				CA591AE71979E98E002555AF /* XivelyModelDelegate.h */,
				CA591AE81979E98E002555AF /* XivelyRequestable.h */,
				CA591AE91979E98E002555AF /* XivelyRequestable.m */,
				CA591AEA1979E98E002555AF /* XivelySubscribable.h */,
				CA591AEB1979E98E002555AF /* XivelySubscribable.m */,
				CA591AEC1979E98E002555AF /* XivelySubscribableDelegate.h */,
			);
			name = Xively;
			path = Climate/Libraries/XivelyObjectiveC;
			sourceTree = SOURCE_ROOT;
		};
		CA9D4127197A14C7002932EE /* Cells */ = {
			isa = PBXGroup;
			children = (
				CA32F808197A087C00B8CAD6 /* DataCell.swift */,
			);
			name = Cells;
			sourceTree = "<group>";
		};
		CA9D4128197A158A002932EE /* View Controllers */ = {
			isa = PBXGroup;
			children = (
				CA591AB51979E44B002555AF /* DataViewController.swift */,
				CA9D4129197A1966002932EE /* SettingsViewController.swift */,
			);
			name = "View Controllers";
			path = "Climate/View Controllers";
			sourceTree = SOURCE_ROOT;
		};
/* End PBXGroup section */

/* Begin PBXNativeTarget section */
		CA591AAD1979E44B002555AF /* Climate */ = {
			isa = PBXNativeTarget;
			buildConfigurationList = CA591ACA1979E44B002555AF /* Build configuration list for PBXNativeTarget "Climate" */;
			buildPhases = (
				67C890984E5A4B1EAE6171AA /* Check Pods Manifest.lock */,
				CA591AAA1979E44B002555AF /* Sources */,
				CA591AAB1979E44B002555AF /* Frameworks */,
				CA591AAC1979E44B002555AF /* Resources */,
				CA591B191979EAA9002555AF /* Embed Frameworks */,
				3505387F4C074181BE781F76 /* Copy Pods Resources */,
			);
			buildRules = (
			);
			dependencies = (
			);
			name = Climate;
			productName = Climate;
			productReference = CA591AAE1979E44B002555AF /* Climate.app */;
			productType = "com.apple.product-type.application";
		};
		CA591ABF1979E44B002555AF /* ClimateTests */ = {
			isa = PBXNativeTarget;
			buildConfigurationList = CA591ACD1979E44B002555AF /* Build configuration list for PBXNativeTarget "ClimateTests" */;
			buildPhases = (
				CA591ABC1979E44B002555AF /* Sources */,
				CA591ABD1979E44B002555AF /* Frameworks */,
				CA591ABE1979E44B002555AF /* Resources */,
			);
			buildRules = (
			);
			dependencies = (
				CA591AC21979E44B002555AF /* PBXTargetDependency */,
			);
			name = ClimateTests;
			productName = ClimateTests;
			productReference = CA591AC01979E44B002555AF /* ClimateTests.xctest */;
			productType = "com.apple.product-type.bundle.unit-test";
		};
/* End PBXNativeTarget section */

/* Begin PBXProject section */
		CA591AA61979E44B002555AF /* Project object */ = {
			isa = PBXProject;
			attributes = {
				LastUpgradeCheck = 0600;
				ORGANIZATIONNAME = "Brandon Evans";
				TargetAttributes = {
					CA591AAD1979E44B002555AF = {
						CreatedOnToolsVersion = 6.0;
						DevelopmentTeam = Z2R9WCWER2;
					};
					CA591ABF1979E44B002555AF = {
						CreatedOnToolsVersion = 6.0;
						TestTargetID = CA591AAD1979E44B002555AF;
					};
				};
			};
			buildConfigurationList = CA591AA91979E44B002555AF /* Build configuration list for PBXProject "Climate" */;
			compatibilityVersion = "Xcode 3.2";
			developmentRegion = English;
			hasScannedForEncodings = 0;
			knownRegions = (
				en,
				Base,
			);
			mainGroup = CA591AA51979E44B002555AF;
			productRefGroup = CA591AAF1979E44B002555AF /* Products */;
			projectDirPath = "";
			projectRoot = "";
			targets = (
				CA591AAD1979E44B002555AF /* Climate */,
				CA591ABF1979E44B002555AF /* ClimateTests */,
			);
		};
/* End PBXProject section */

/* Begin PBXResourcesBuildPhase section */
		CA591AAC1979E44B002555AF /* Resources */ = {
			isa = PBXResourcesBuildPhase;
			buildActionMask = 2147483647;
			files = (
				CA591AB91979E44B002555AF /* Main.storyboard in Resources */,
				CA591ABB1979E44B002555AF /* Images.xcassets in Resources */,
			);
			runOnlyForDeploymentPostprocessing = 0;
		};
		CA591ABE1979E44B002555AF /* Resources */ = {
			isa = PBXResourcesBuildPhase;
			buildActionMask = 2147483647;
			files = (
			);
			runOnlyForDeploymentPostprocessing = 0;
		};
/* End PBXResourcesBuildPhase section */

/* Begin PBXShellScriptBuildPhase section */
		3505387F4C074181BE781F76 /* Copy Pods Resources */ = {
			isa = PBXShellScriptBuildPhase;
			buildActionMask = 2147483647;
			files = (
			);
			inputPaths = (
			);
			name = "Copy Pods Resources";
			outputPaths = (
			);
			runOnlyForDeploymentPostprocessing = 0;
			shellPath = /bin/sh;
			shellScript = "\"${SRCROOT}/Pods/Target Support Files/Pods-Climate/Pods-Climate-resources.sh\"\n";
			showEnvVarsInLog = 0;
		};
		67C890984E5A4B1EAE6171AA /* Check Pods Manifest.lock */ = {
			isa = PBXShellScriptBuildPhase;
			buildActionMask = 2147483647;
			files = (
			);
			inputPaths = (
			);
			name = "Check Pods Manifest.lock";
			outputPaths = (
			);
			runOnlyForDeploymentPostprocessing = 0;
			shellPath = /bin/sh;
			shellScript = "diff \"${PODS_ROOT}/../Podfile.lock\" \"${PODS_ROOT}/Manifest.lock\" > /dev/null\nif [[ $? != 0 ]] ; then\n    cat << EOM\nerror: The sandbox is not in sync with the Podfile.lock. Run 'pod install' or update your CocoaPods installation.\nEOM\n    exit 1\nfi\n";
			showEnvVarsInLog = 0;
		};
/* End PBXShellScriptBuildPhase section */

/* Begin PBXSourcesBuildPhase section */
		CA591AAA1979E44B002555AF /* Sources */ = {
			isa = PBXSourcesBuildPhase;
			buildActionMask = 2147483647;
			files = (
				CA9D412A197A1966002932EE /* SettingsViewController.swift in Sources */,
				CA32F809197A087C00B8CAD6 /* DataCell.swift in Sources */,
				CA591AF61979E98E002555AF /* XivelyRequestable.m in Sources */,
				CA591AF71979E98E002555AF /* XivelySubscribable.m in Sources */,
				CA591AF01979E98E002555AF /* XivelyDatapointModel.m in Sources */,
				CA591AB61979E44B002555AF /* DataViewController.swift in Sources */,
				CA591AF51979E98E002555AF /* XivelyModel.m in Sources */,
				CA591AF31979E98E002555AF /* XivelyFeedCollection.m in Sources */,
				CA591AEE1979E98E002555AF /* XivelyAPI.m in Sources */,
				CA591AB41979E44B002555AF /* AppDelegate.swift in Sources */,
				CA591AF21979E98E002555AF /* XivelyDatastreamModel.m in Sources */,
				CA591AF41979E98E002555AF /* XivelyFeedModel.m in Sources */,
				CA591AF11979E98E002555AF /* XivelyDatastreamCollection.m in Sources */,
				CA591AEF1979E98E002555AF /* XivelyDatapointCollection.m in Sources */,
			);
			runOnlyForDeploymentPostprocessing = 0;
		};
		CA591ABC1979E44B002555AF /* Sources */ = {
			isa = PBXSourcesBuildPhase;
			buildActionMask = 2147483647;
			files = (
				CA591AC71979E44B002555AF /* ClimateTests.swift in Sources */,
			);
			runOnlyForDeploymentPostprocessing = 0;
		};
/* End PBXSourcesBuildPhase section */

/* Begin PBXTargetDependency section */
		CA591AC21979E44B002555AF /* PBXTargetDependency */ = {
			isa = PBXTargetDependency;
			target = CA591AAD1979E44B002555AF /* Climate */;
			targetProxy = CA591AC11979E44B002555AF /* PBXContainerItemProxy */;
		};
/* End PBXTargetDependency section */

/* Begin PBXVariantGroup section */
		CA591AB71979E44B002555AF /* Main.storyboard */ = {
			isa = PBXVariantGroup;
			children = (
				CA591AB81979E44B002555AF /* Base */,
			);
			name = Main.storyboard;
			sourceTree = "<group>";
		};
/* End PBXVariantGroup section */

/* Begin XCBuildConfiguration section */
		CA591AC81979E44B002555AF /* Debug */ = {
			isa = XCBuildConfiguration;
			buildSettings = {
				ALWAYS_SEARCH_USER_PATHS = NO;
				CLANG_CXX_LANGUAGE_STANDARD = "gnu++0x";
				CLANG_CXX_LIBRARY = "libc++";
				CLANG_ENABLE_MODULES = YES;
				CLANG_ENABLE_OBJC_ARC = YES;
				CLANG_WARN_BOOL_CONVERSION = YES;
				CLANG_WARN_CONSTANT_CONVERSION = YES;
				CLANG_WARN_DIRECT_OBJC_ISA_USAGE = YES_ERROR;
				CLANG_WARN_EMPTY_BODY = YES;
				CLANG_WARN_ENUM_CONVERSION = YES;
				CLANG_WARN_INT_CONVERSION = YES;
				CLANG_WARN_OBJC_ROOT_CLASS = YES_ERROR;
				CLANG_WARN_UNREACHABLE_CODE = YES;
				CLANG_WARN__DUPLICATE_METHOD_MATCH = YES;
				"CODE_SIGN_IDENTITY[sdk=iphoneos*]" = "iPhone Developer";
				COPY_PHASE_STRIP = NO;
				ENABLE_STRICT_OBJC_MSGSEND = YES;
				GCC_C_LANGUAGE_STANDARD = gnu99;
				GCC_DYNAMIC_NO_PIC = NO;
				GCC_OPTIMIZATION_LEVEL = 0;
				GCC_PREPROCESSOR_DEFINITIONS = (
					"DEBUG=1",
					"$(inherited)",
				);
				GCC_SYMBOLS_PRIVATE_EXTERN = NO;
				GCC_WARN_64_TO_32_BIT_CONVERSION = YES;
				GCC_WARN_ABOUT_RETURN_TYPE = YES_ERROR;
				GCC_WARN_UNDECLARED_SELECTOR = YES;
				GCC_WARN_UNINITIALIZED_AUTOS = YES_AGGRESSIVE;
				GCC_WARN_UNUSED_FUNCTION = YES;
				GCC_WARN_UNUSED_VARIABLE = YES;
				IPHONEOS_DEPLOYMENT_TARGET = 8.0;
				MTL_ENABLE_DEBUG_INFO = YES;
				ONLY_ACTIVE_ARCH = YES;
				SDKROOT = iphoneos;
				SWIFT_OPTIMIZATION_LEVEL = "-Onone";
			};
			name = Debug;
		};
		CA591AC91979E44B002555AF /* Release */ = {
			isa = XCBuildConfiguration;
			buildSettings = {
				ALWAYS_SEARCH_USER_PATHS = NO;
				CLANG_CXX_LANGUAGE_STANDARD = "gnu++0x";
				CLANG_CXX_LIBRARY = "libc++";
				CLANG_ENABLE_MODULES = YES;
				CLANG_ENABLE_OBJC_ARC = YES;
				CLANG_WARN_BOOL_CONVERSION = YES;
				CLANG_WARN_CONSTANT_CONVERSION = YES;
				CLANG_WARN_DIRECT_OBJC_ISA_USAGE = YES_ERROR;
				CLANG_WARN_EMPTY_BODY = YES;
				CLANG_WARN_ENUM_CONVERSION = YES;
				CLANG_WARN_INT_CONVERSION = YES;
				CLANG_WARN_OBJC_ROOT_CLASS = YES_ERROR;
				CLANG_WARN_UNREACHABLE_CODE = YES;
				CLANG_WARN__DUPLICATE_METHOD_MATCH = YES;
				"CODE_SIGN_IDENTITY[sdk=iphoneos*]" = "iPhone Developer";
				COPY_PHASE_STRIP = YES;
				ENABLE_NS_ASSERTIONS = NO;
				ENABLE_STRICT_OBJC_MSGSEND = YES;
				GCC_C_LANGUAGE_STANDARD = gnu99;
				GCC_WARN_64_TO_32_BIT_CONVERSION = YES;
				GCC_WARN_ABOUT_RETURN_TYPE = YES_ERROR;
				GCC_WARN_UNDECLARED_SELECTOR = YES;
				GCC_WARN_UNINITIALIZED_AUTOS = YES_AGGRESSIVE;
				GCC_WARN_UNUSED_FUNCTION = YES;
				GCC_WARN_UNUSED_VARIABLE = YES;
				IPHONEOS_DEPLOYMENT_TARGET = 8.0;
				MTL_ENABLE_DEBUG_INFO = NO;
				SDKROOT = iphoneos;
				VALIDATE_PRODUCT = YES;
			};
			name = Release;
		};
		CA591ACB1979E44B002555AF /* Debug */ = {
			isa = XCBuildConfiguration;
			baseConfigurationReference = E8409E35A9884BACA178594C /* Pods-Climate.debug.xcconfig */;
			buildSettings = {
				ASSETCATALOG_COMPILER_APPICON_NAME = AppIcon;
				ASSETCATALOG_COMPILER_LAUNCHIMAGE_NAME = LaunchImage;
				CODE_SIGN_IDENTITY = "iPhone Developer";
				"CODE_SIGN_IDENTITY[sdk=iphoneos*]" = "iPhone Developer";
				INFOPLIST_FILE = Climate/Info.plist;
				IPHONEOS_DEPLOYMENT_TARGET = 7.1;
				LD_RUNPATH_SEARCH_PATHS = "$(inherited) @executable_path/Frameworks";
				PRODUCT_NAME = "$(TARGET_NAME)";
				PROVISIONING_PROFILE = "";
				SDKROOT = iphoneos;
				SWIFT_OBJC_BRIDGING_HEADER = "Climate/Climate-Bridging-Header.h";
			};
			name = Debug;
		};
		CA591ACC1979E44B002555AF /* Release */ = {
			isa = XCBuildConfiguration;
			baseConfigurationReference = 111B68B3C72CBDF4BA8F7DFC /* Pods-Climate.release.xcconfig */;
			buildSettings = {
				ASSETCATALOG_COMPILER_APPICON_NAME = AppIcon;
				ASSETCATALOG_COMPILER_LAUNCHIMAGE_NAME = LaunchImage;
				CODE_SIGN_IDENTITY = "iPhone Developer";
				"CODE_SIGN_IDENTITY[sdk=iphoneos*]" = "iPhone Developer";
				INFOPLIST_FILE = Climate/Info.plist;
				IPHONEOS_DEPLOYMENT_TARGET = 7.1;
				LD_RUNPATH_SEARCH_PATHS = "$(inherited) @executable_path/Frameworks";
				PRODUCT_NAME = "$(TARGET_NAME)";
				PROVISIONING_PROFILE = "";
				SDKROOT = iphoneos;
				SWIFT_OBJC_BRIDGING_HEADER = "Climate/Climate-Bridging-Header.h";
			};
			name = Release;
		};
		CA591ACE1979E44B002555AF /* Debug */ = {
			isa = XCBuildConfiguration;
			buildSettings = {
				BUNDLE_LOADER = "$(BUILT_PRODUCTS_DIR)/Climate.app/Climate";
				FRAMEWORK_SEARCH_PATHS = (
					"$(SDKROOT)/Developer/Library/Frameworks",
					"$(inherited)",
				);
				GCC_PREPROCESSOR_DEFINITIONS = (
					"DEBUG=1",
					"$(inherited)",
				);
				INFOPLIST_FILE = ClimateTests/Info.plist;
				LD_RUNPATH_SEARCH_PATHS = "$(inherited) @executable_path/Frameworks @loader_path/Frameworks";
				PRODUCT_NAME = "$(TARGET_NAME)";
				TEST_HOST = "$(BUNDLE_LOADER)";
			};
			name = Debug;
		};
		CA591ACF1979E44B002555AF /* Release */ = {
			isa = XCBuildConfiguration;
			buildSettings = {
				BUNDLE_LOADER = "$(BUILT_PRODUCTS_DIR)/Climate.app/Climate";
				FRAMEWORK_SEARCH_PATHS = (
					"$(SDKROOT)/Developer/Library/Frameworks",
					"$(inherited)",
				);
				INFOPLIST_FILE = ClimateTests/Info.plist;
				LD_RUNPATH_SEARCH_PATHS = "$(inherited) @executable_path/Frameworks @loader_path/Frameworks";
				PRODUCT_NAME = "$(TARGET_NAME)";
				TEST_HOST = "$(BUNDLE_LOADER)";
			};
			name = Release;
		};
/* End XCBuildConfiguration section */

/* Begin XCConfigurationList section */
		CA591AA91979E44B002555AF /* Build configuration list for PBXProject "Climate" */ = {
			isa = XCConfigurationList;
			buildConfigurations = (
				CA591AC81979E44B002555AF /* Debug */,
				CA591AC91979E44B002555AF /* Release */,
			);
			defaultConfigurationIsVisible = 0;
			defaultConfigurationName = Release;
		};
		CA591ACA1979E44B002555AF /* Build configuration list for PBXNativeTarget "Climate" */ = {
			isa = XCConfigurationList;
			buildConfigurations = (
				CA591ACB1979E44B002555AF /* Debug */,
				CA591ACC1979E44B002555AF /* Release */,
			);
			defaultConfigurationIsVisible = 0;
			defaultConfigurationName = Release;
		};
		CA591ACD1979E44B002555AF /* Build configuration list for PBXNativeTarget "ClimateTests" */ = {
			isa = XCConfigurationList;
			buildConfigurations = (
				CA591ACE1979E44B002555AF /* Debug */,
				CA591ACF1979E44B002555AF /* Release */,
			);
			defaultConfigurationIsVisible = 0;
			defaultConfigurationName = Release;
		};
/* End XCConfigurationList section */
	};
	rootObject = CA591AA61979E44B002555AF /* Project object */;
}
